Microsoft Visual Studio Solution File, Format Version 12.00
# Visual Studio Version 17
VisualStudioVersion = 17.13.35913.81
MinimumVisualStudioVersion = 10.0.40219.1
Project("{FAE04EC0-301F-11D3-BF4B-00C04F79EFBC}") = "HighwaReportProcessingPlatform", "HighwaReportProcessingPlatform.csproj", "{7E36D063-A490-483F-A3D4-3B673494761F}"
EndProject
Project("{FAE04EC0-301F-11D3-BF4B-00C04F79EFBC}") = "ReportConversionModule", "..\ReportConversionModule\ReportConversionModule.csproj", "{22F9239F-BB8E-4659-B691-D843F5D62EB0}"
EndProject
Project("{FAE04EC0-301F-11D3-BF4B-00C04F79EFBC}") = "GuiResources", "..\GuiResources\GuiResources.csproj", "{6326CB7B-0FF3-43D3-9AA1-C61A116B83DB}"
EndProject
Project("{FAE04EC0-301F-11D3-BF4B-00C04F79EFBC}") = "ConfigMoudel", "..\ConfigMoudel\ConfigMoudel.csproj", "{64E7B4A7-ED6F-4909-89C1-1B3C2A27B627}"
EndProject
Project("{FAE04EC0-301F-11D3-BF4B-00C04F79EFBC}") = "ModuleConfiguration", "..\ModuleConfiguration\ModuleConfiguration.csproj", "{EA0ED54E-07B5-49F6-8B24-9C679ECD6D65}"
EndProject
Project("{FAE04EC0-301F-11D3-BF4B-00C04F79EFBC}") = "Core", "..\Core\Core.csproj", "{9CA9BA95-2CF9-4E00-8302-F72B5FC829D9}"
EndProject
Global
	GlobalSection(SolutionConfigurationPlatforms) = preSolution
		Debug|Any CPU = Debug|Any CPU
		Release|Any CPU = Release|Any CPU
	EndGlobalSection
	GlobalSection(ProjectConfigurationPlatforms) = postSolution
		{7E36D063-A490-483F-A3D4-3B673494761F}.Debug|Any CPU.ActiveCfg = Debug|Any CPU
		{7E36D063-A490-483F-A3D4-3B673494761F}.Debug|Any CPU.Build.0 = Debug|Any CPU
		{7E36D063-A490-483F-A3D4-3B673494761F}.Release|Any CPU.ActiveCfg = Release|Any CPU
		{7E36D063-A490-483F-A3D4-3B673494761F}.Release|Any CPU.Build.0 = Release|Any CPU
		{22F9239F-BB8E-4659-B691-D843F5D62EB0}.Debug|Any CPU.ActiveCfg = Debug|Any CPU
		{22F9239F-BB8E-4659-B691-D843F5D62EB0}.Debug|Any CPU.Build.0 = Debug|Any CPU
		{22F9239F-BB8E-4659-B691-D843F5D62EB0}.Release|Any CPU.ActiveCfg = Release|Any CPU
		{22F9239F-BB8E-4659-B691-D843F5D62EB0}.Release|Any CPU.Build.0 = Release|Any CPU
		{6326CB7B-0FF3-43D3-9AA1-C61A116B83DB}.Debug|Any CPU.ActiveCfg = Debug|Any CPU
		{6326CB7B-0FF3-43D3-9AA1-C61A116B83DB}.Debug|Any CPU.Build.0 = Debug|Any CPU
		{6326CB7B-0FF3-43D3-9AA1-C61A116B83DB}.Release|Any CPU.ActiveCfg = Release|Any CPU
		{6326CB7B-0FF3-43D3-9AA1-C61A116B83DB}.Release|Any CPU.Build.0 = Release|Any CPU
		{64E7B4A7-ED6F-4909-89C1-1B3C2A27B627}.Debug|Any CPU.ActiveCfg = Debug|Any CPU
		{64E7B4A7-ED6F-4909-89C1-1B3C2A27B627}.Debug|Any CPU.Build.0 = Debug|Any CPU
		{64E7B4A7-ED6F-4909-89C1-1B3C2A27B627}.Release|Any CPU.ActiveCfg = Release|Any CPU
		{64E7B4A7-ED6F-4909-89C1-1B3C2A27B627}.Release|Any CPU.Build.0 = Release|Any CPU
		{EA0ED54E-07B5-49F6-8B24-9C679ECD6D65}.Debug|Any CPU.ActiveCfg = Debug|Any CPU
		{EA0ED54E-07B5-49F6-8B24-9C679ECD6D65}.Debug|Any CPU.Build.0 = Debug|Any CPU
		{EA0ED54E-07B5-49F6-8B24-9C679ECD6D65}.Release|Any CPU.ActiveCfg = Release|Any CPU
		{EA0ED54E-07B5-49F6-8B24-9C679ECD6D65}.Release|Any CPU.Build.0 = Release|Any CPU
		{9CA9BA95-2CF9-4E00-8302-F72B5FC829D9}.Debug|Any CPU.ActiveCfg = Debug|Any CPU
		{9CA9BA95-2CF9-4E00-8302-F72B5FC829D9}.Debug|Any CPU.Build.0 = Debug|Any CPU
		{9CA9BA95-2CF9-4E00-8302-F72B5FC829D9}.Release|Any CPU.ActiveCfg = Release|Any CPU
		{9CA9BA95-2CF9-4E00-8302-F72B5FC829D9}.Release|Any CPU.Build.0 = Release|Any CPU
	EndGlobalSection
	GlobalSection(SolutionProperties) = preSolution
		HideSolutionNode = FALSE
	EndGlobalSection
	GlobalSection(ExtensibilityGlobals) = postSolution
		SolutionGuid = {398BCD69-22F6-4AD0-A036-545DB5A43368}
	EndGlobalSection
EndGlobal
