Microsoft Visual Studio Solution File, Format Version 12.00
# Visual Studio Version 17
VisualStudioVersion = 17.13.35913.81
MinimumVisualStudioVersion = 10.0.40219.1
Project("{FAE04EC0-301F-11D3-BF4B-00C04F79EFBC}") = "ProcessingPlatform", "ProcessingPlatform.csproj", "{7E36D063-A490-483F-A3D4-3B673494761F}"
	ProjectSection(ProjectDependencies) = postProject
		{D7B9B07C-02B4-4151-A952-1A08244EB37C} = {D7B9B07C-02B4-4151-A952-1A08244EB37C}
	EndProjectSection
EndProject
Project("{FAE04EC0-301F-11D3-BF4B-00C04F79EFBC}") = "ReportConversionModule", "..\ReportConversionModule\ReportConversionModule.csproj", "{22F9239F-BB8E-4659-B691-D843F5D62EB0}"
EndProject
Project("{FAE04EC0-301F-11D3-BF4B-00C04F79EFBC}") = "GuiResources", "..\GuiResources\GuiResources.csproj", "{6326CB7B-0FF3-43D3-9AA1-C61A116B83DB}"
EndProject
Project("{FAE04EC0-301F-11D3-BF4B-00C04F79EFBC}") = "ConfigMoudel", "..\ConfigMoudel\ConfigMoudel.csproj", "{64E7B4A7-ED6F-4909-89C1-1B3C2A27B627}"
EndProject
Project("{FAE04EC0-301F-11D3-BF4B-00C04F79EFBC}") = "Core", "..\Core\Core.csproj", "{9CA9BA95-2CF9-4E00-8302-F72B5FC829D9}"
EndProject
Project("{FAE04EC0-301F-11D3-BF4B-00C04F79EFBC}") = "ProcessingPlatform.Test", "..\ProcessingPlatform.Test\ProcessingPlatform.Test.csproj", "{11B9E5BE-17A7-4EF4-8E3D-77B71F03AE84}"
EndProject
Project("{2150E333-8FDC-42A3-9474-1A3956D46DE8}") = "DataAccessLayer", "DataAccessLayer", "{511CC461-3A53-C7BA-C646-B6742671C5DC}"
EndProject
Project("{2150E333-8FDC-42A3-9474-1A3956D46DE8}") = "InfrastructureLayer", "InfrastructureLayer", "{9E69A707-5EA8-A556-63CE-B9417FB9DEBD}"
EndProject
Project("{2150E333-8FDC-42A3-9474-1A3956D46DE8}") = "BusinessLogicLayer", "BusinessLogicLayer", "{D2D75D84-48C2-D0FB-44A0-4E06FB5FB3C1}"
EndProject
Project("{2150E333-8FDC-42A3-9474-1A3956D46DE8}") = "DomainLayer", "DomainLayer", "{77EE839E-3B48-685D-3626-4B556CCCA3FD}"
EndProject
Project("{2150E333-8FDC-42A3-9474-1A3956D46DE8}") = "UILayer", "UILayer", "{E235E211-B065-9410-5D79-A1D6DDE4979B}"
EndProject
Project("{2150E333-8FDC-42A3-9474-1A3956D46DE8}") = "CommonLibrary", "CommonLibrary", "{FD1C76BE-F598-F8BE-4EB9-3DEB009D7E7F}"
EndProject
Project("{2150E333-8FDC-42A3-9474-1A3956D46DE8}") = "TestProjects", "TestProjects", "{66854BFA-EAEA-B2BE-FC64-F7442E819120}"
EndProject
Project("{2150E333-8FDC-42A3-9474-1A3956D46DE8}") = "ApplicationLayer", "ApplicationLayer", "{4F79898C-875B-1DBD-B767-22AA49BEA3BF}"
EndProject
Project("{2150E333-8FDC-42A3-9474-1A3956D46DE8}") = "Mudels", "Mudels", "{985C1B4B-AECA-7BA9-B3F6-5300973745E4}"
EndProject
Project("{2150E333-8FDC-42A3-9474-1A3956D46DE8}") = "Resources", "Resources", "{EC39ED91-44BD-6E01-48F8-F51348CFB961}"
EndProject
Project("{2150E333-8FDC-42A3-9474-1A3956D46DE8}") = "WPF", "WPF", "{2066C69A-DC1A-7D02-9B03-08BC22DFC072}"
EndProject
Project("{FAE04EC0-301F-11D3-BF4B-00C04F79EFBC}") = "Common", "..\Common\Common.csproj", "{D7B9B07C-02B4-4151-A952-1A08244EB37C}"
EndProject
Global
	GlobalSection(SolutionConfigurationPlatforms) = preSolution
		Debug|Any CPU = Debug|Any CPU
		Release|Any CPU = Release|Any CPU
	EndGlobalSection
	GlobalSection(ProjectConfigurationPlatforms) = postSolution
		{7E36D063-A490-483F-A3D4-3B673494761F}.Debug|Any CPU.ActiveCfg = Debug|Any CPU
		{7E36D063-A490-483F-A3D4-3B673494761F}.Debug|Any CPU.Build.0 = Debug|Any CPU
		{7E36D063-A490-483F-A3D4-3B673494761F}.Release|Any CPU.ActiveCfg = Release|Any CPU
		{7E36D063-A490-483F-A3D4-3B673494761F}.Release|Any CPU.Build.0 = Release|Any CPU
		{22F9239F-BB8E-4659-B691-D843F5D62EB0}.Debug|Any CPU.ActiveCfg = Debug|Any CPU
		{22F9239F-BB8E-4659-B691-D843F5D62EB0}.Debug|Any CPU.Build.0 = Debug|Any CPU
		{22F9239F-BB8E-4659-B691-D843F5D62EB0}.Release|Any CPU.ActiveCfg = Release|Any CPU
		{22F9239F-BB8E-4659-B691-D843F5D62EB0}.Release|Any CPU.Build.0 = Release|Any CPU
		{6326CB7B-0FF3-43D3-9AA1-C61A116B83DB}.Debug|Any CPU.ActiveCfg = Debug|Any CPU
		{6326CB7B-0FF3-43D3-9AA1-C61A116B83DB}.Debug|Any CPU.Build.0 = Debug|Any CPU
		{6326CB7B-0FF3-43D3-9AA1-C61A116B83DB}.Release|Any CPU.ActiveCfg = Release|Any CPU
		{6326CB7B-0FF3-43D3-9AA1-C61A116B83DB}.Release|Any CPU.Build.0 = Release|Any CPU
		{64E7B4A7-ED6F-4909-89C1-1B3C2A27B627}.Debug|Any CPU.ActiveCfg = Debug|Any CPU
		{64E7B4A7-ED6F-4909-89C1-1B3C2A27B627}.Debug|Any CPU.Build.0 = Debug|Any CPU
		{64E7B4A7-ED6F-4909-89C1-1B3C2A27B627}.Release|Any CPU.ActiveCfg = Release|Any CPU
		{64E7B4A7-ED6F-4909-89C1-1B3C2A27B627}.Release|Any CPU.Build.0 = Release|Any CPU
		{9CA9BA95-2CF9-4E00-8302-F72B5FC829D9}.Debug|Any CPU.ActiveCfg = Debug|Any CPU
		{9CA9BA95-2CF9-4E00-8302-F72B5FC829D9}.Debug|Any CPU.Build.0 = Debug|Any CPU
		{9CA9BA95-2CF9-4E00-8302-F72B5FC829D9}.Release|Any CPU.ActiveCfg = Release|Any CPU
		{9CA9BA95-2CF9-4E00-8302-F72B5FC829D9}.Release|Any CPU.Build.0 = Release|Any CPU
		{11B9E5BE-17A7-4EF4-8E3D-77B71F03AE84}.Debug|Any CPU.ActiveCfg = Debug|Any CPU
		{11B9E5BE-17A7-4EF4-8E3D-77B71F03AE84}.Debug|Any CPU.Build.0 = Debug|Any CPU
		{11B9E5BE-17A7-4EF4-8E3D-77B71F03AE84}.Release|Any CPU.ActiveCfg = Release|Any CPU
		{11B9E5BE-17A7-4EF4-8E3D-77B71F03AE84}.Release|Any CPU.Build.0 = Release|Any CPU
		{D7B9B07C-02B4-4151-A952-1A08244EB37C}.Debug|Any CPU.ActiveCfg = Debug|Any CPU
		{D7B9B07C-02B4-4151-A952-1A08244EB37C}.Debug|Any CPU.Build.0 = Debug|Any CPU
		{D7B9B07C-02B4-4151-A952-1A08244EB37C}.Release|Any CPU.ActiveCfg = Release|Any CPU
		{D7B9B07C-02B4-4151-A952-1A08244EB37C}.Release|Any CPU.Build.0 = Release|Any CPU
	EndGlobalSection
	GlobalSection(SolutionProperties) = preSolution
		HideSolutionNode = FALSE
	EndGlobalSection
	GlobalSection(NestedProjects) = preSolution
		{7E36D063-A490-483F-A3D4-3B673494761F} = {E235E211-B065-9410-5D79-A1D6DDE4979B}
		{22F9239F-BB8E-4659-B691-D843F5D62EB0} = {985C1B4B-AECA-7BA9-B3F6-5300973745E4}
		{6326CB7B-0FF3-43D3-9AA1-C61A116B83DB} = {EC39ED91-44BD-6E01-48F8-F51348CFB961}
		{64E7B4A7-ED6F-4909-89C1-1B3C2A27B627} = {985C1B4B-AECA-7BA9-B3F6-5300973745E4}
		{9CA9BA95-2CF9-4E00-8302-F72B5FC829D9} = {FD1C76BE-F598-F8BE-4EB9-3DEB009D7E7F}
		{11B9E5BE-17A7-4EF4-8E3D-77B71F03AE84} = {66854BFA-EAEA-B2BE-FC64-F7442E819120}
		{985C1B4B-AECA-7BA9-B3F6-5300973745E4} = {E235E211-B065-9410-5D79-A1D6DDE4979B}
		{EC39ED91-44BD-6E01-48F8-F51348CFB961} = {2066C69A-DC1A-7D02-9B03-08BC22DFC072}
		{2066C69A-DC1A-7D02-9B03-08BC22DFC072} = {E235E211-B065-9410-5D79-A1D6DDE4979B}
		{D7B9B07C-02B4-4151-A952-1A08244EB37C} = {2066C69A-DC1A-7D02-9B03-08BC22DFC072}
	EndGlobalSection
	GlobalSection(ExtensibilityGlobals) = postSolution
		SolutionGuid = {398BCD69-22F6-4AD0-A036-545DB5A43368}
	EndGlobalSection
EndGlobal
