Microsoft Visual Studio Solution File, Format Version 12.00
# Visual Studio Version 17
VisualStudioVersion = 17.13.35913.81
MinimumVisualStudioVersion = 10.0.40219.1
Project("{FAE04EC0-301F-11D3-BF4B-00C04F79EFBC}") = "UserControlDemo", "UserControlDemo.csproj", "{16F68308-3A90-4C4C-89C3-5C6FDC30BC36}"
EndProject
Project("{FAE04EC0-301F-11D3-BF4B-00C04F79EFBC}") = "CwbControls", "..\CwbControls\CwbControls.csproj", "{42CBEBD0-1659-4EA4-87B5-05E8662A9B41}"
EndProject
Global
	GlobalSection(SolutionConfigurationPlatforms) = preSolution
		Debug|Any CPU = Debug|Any CPU
		Release|Any CPU = Release|Any CPU
	EndGlobalSection
	GlobalSection(ProjectConfigurationPlatforms) = postSolution
		{16F68308-3A90-4C4C-89C3-5C6FDC30BC36}.Debug|Any CPU.ActiveCfg = Debug|Any CPU
		{16F68308-3A90-4C4C-89C3-5C6FDC30BC36}.Debug|Any CPU.Build.0 = Debug|Any CPU
		{16F68308-3A90-4C4C-89C3-5C6FDC30BC36}.Release|Any CPU.ActiveCfg = Release|Any CPU
		{16F68308-3A90-4C4C-89C3-5C6FDC30BC36}.Release|Any CPU.Build.0 = Release|Any CPU
		{42CBEBD0-1659-4EA4-87B5-05E8662A9B41}.Debug|Any CPU.ActiveCfg = Debug|Any CPU
		{42CBEBD0-1659-4EA4-87B5-05E8662A9B41}.Debug|Any CPU.Build.0 = Debug|Any CPU
		{42CBEBD0-1659-4EA4-87B5-05E8662A9B41}.Release|Any CPU.ActiveCfg = Release|Any CPU
		{42CBEBD0-1659-4EA4-87B5-05E8662A9B41}.Release|Any CPU.Build.0 = Release|Any CPU
	EndGlobalSection
	GlobalSection(SolutionProperties) = preSolution
		HideSolutionNode = FALSE
	EndGlobalSection
	GlobalSection(ExtensibilityGlobals) = postSolution
		SolutionGuid = {D6155113-D31B-4423-97AB-5F578EAB934C}
	EndGlobalSection
EndGlobal
